// !$*UTF8*$!
{
	archiveVersion = 1;
	classes = {
	};
	objectVersion = 50;
	objects = {

/* Begin PBXBuildFile section */
		E7159D8826826E27008888CE /* Parser.swift in Sources */ = {isa = PBXBuildFile; fileRef = E7159D8726826E27008888CE /* Parser.swift */; };
		E7159D8A268270BA008888CE /* And.swift in Sources */ = {isa = PBXBuildFile; fileRef = E7159D89268270BA008888CE /* And.swift */; };
		E7159D8C2682711B008888CE /* Assignment.swift in Sources */ = {isa = PBXBuildFile; fileRef = E7159D8B2682711B008888CE /* Assignment.swift */; };
		E7159D8E268271F2008888CE /* Comparison.swift in Sources */ = {isa = PBXBuildFile; fileRef = E7159D8D268271F2008888CE /* Comparison.swift */; };
		E7159D902682725F008888CE /* Equality.swift in Sources */ = {isa = PBXBuildFile; fileRef = E7159D8F2682725F008888CE /* Equality.swift */; };
		E7159D92268272BB008888CE /* Expression.swift in Sources */ = {isa = PBXBuildFile; fileRef = E7159D91268272BB008888CE /* Expression.swift */; };
		E7159D94268272EA008888CE /* Factor.swift in Sources */ = {isa = PBXBuildFile; fileRef = E7159D93268272EA008888CE /* Factor.swift */; };
		E7159D962682734A008888CE /* Or.swift in Sources */ = {isa = PBXBuildFile; fileRef = E7159D952682734A008888CE /* Or.swift */; };
		E7159D98268273A6008888CE /* Primary.swift in Sources */ = {isa = PBXBuildFile; fileRef = E7159D97268273A6008888CE /* Primary.swift */; };
		E7159D9A2682751C008888CE /* Term.swift in Sources */ = {isa = PBXBuildFile; fileRef = E7159D992682751C008888CE /* Term.swift */; };
		E7159D9C26827572008888CE /* Unary.swift in Sources */ = {isa = PBXBuildFile; fileRef = E7159D9B26827572008888CE /* Unary.swift */; };
		E79F87FA2680FE6600061BAD /* ASTGen.swift in Sources */ = {isa = PBXBuildFile; fileRef = E79F87F82680FE6600061BAD /* ASTGen.swift */; };
		E79F87FB2680FE6600061BAD /* main.swift in Sources */ = {isa = PBXBuildFile; fileRef = E79F87F92680FE6600061BAD /* main.swift */; };
		E7E885C726812083002D6A16 /* ExpressionProtocol.swift in Sources */ = {isa = PBXBuildFile; fileRef = E7E885BB26812083002D6A16 /* ExpressionProtocol.swift */; };
		E7E885C826812083002D6A16 /* GroupingExpression.swift in Sources */ = {isa = PBXBuildFile; fileRef = E7E885BD26812083002D6A16 /* GroupingExpression.swift */; };
		E7E885C926812083002D6A16 /* ExpressionVisitorProtocol.swift in Sources */ = {isa = PBXBuildFile; fileRef = E7E885BE26812083002D6A16 /* ExpressionVisitorProtocol.swift */; };
		E7E885CA26812083002D6A16 /* UnaryExpression.swift in Sources */ = {isa = PBXBuildFile; fileRef = E7E885BF26812083002D6A16 /* UnaryExpression.swift */; };
		E7E885CB26812083002D6A16 /* StatementVisitorProtocol.swift in Sources */ = {isa = PBXBuildFile; fileRef = E7E885C026812083002D6A16 /* StatementVisitorProtocol.swift */; };
		E7E885CC26812083002D6A16 /* LogicalExpression.swift in Sources */ = {isa = PBXBuildFile; fileRef = E7E885C126812083002D6A16 /* LogicalExpression.swift */; };
		E7E885CD26812083002D6A16 /* BinaryExpression.swift in Sources */ = {isa = PBXBuildFile; fileRef = E7E885C226812083002D6A16 /* BinaryExpression.swift */; };
		E7E885CE26812083002D6A16 /* AssignmentExpression.swift in Sources */ = {isa = PBXBuildFile; fileRef = E7E885C326812083002D6A16 /* AssignmentExpression.swift */; };
		E7E885CF26812083002D6A16 /* VariableExpression.swift in Sources */ = {isa = PBXBuildFile; fileRef = E7E885C426812083002D6A16 /* VariableExpression.swift */; };
		E7E885D026812083002D6A16 /* LiteralExpression.swift in Sources */ = {isa = PBXBuildFile; fileRef = E7E885C526812083002D6A16 /* LiteralExpression.swift */; };
		E7E885D126812083002D6A16 /* StatementProtocol.swift in Sources */ = {isa = PBXBuildFile; fileRef = E7E885C626812083002D6A16 /* StatementProtocol.swift */; };
		E7E885D4268120F1002D6A16 /* Token.swift in Sources */ = {isa = PBXBuildFile; fileRef = E7E885D3268120F1002D6A16 /* Token.swift */; };
		E7E885D6268120F8002D6A16 /* TokenType.swift in Sources */ = {isa = PBXBuildFile; fileRef = E7E885D5268120F8002D6A16 /* TokenType.swift */; };
		E7E885D826812210002D6A16 /* Keywords.swift in Sources */ = {isa = PBXBuildFile; fileRef = E7E885D726812210002D6A16 /* Keywords.swift */; };
		E7E885DA268122B3002D6A16 /* Scanner.swift in Sources */ = {isa = PBXBuildFile; fileRef = E7E885D9268122B3002D6A16 /* Scanner.swift */; };
/* End PBXBuildFile section */

/* Begin PBXCopyFilesBuildPhase section */
		E79F87EC2680FE2500061BAD /* CopyFiles */ = {
			isa = PBXCopyFilesBuildPhase;
			buildActionMask = 2147483647;
			dstPath = /usr/share/man/man1/;
			dstSubfolderSpec = 0;
			files = (
			);
			runOnlyForDeploymentPostprocessing = 1;
		};
/* End PBXCopyFilesBuildPhase section */

/* Begin PBXFileReference section */
		E7159D8726826E27008888CE /* Parser.swift */ = {isa = PBXFileReference; lastKnownFileType = sourcecode.swift; path = Parser.swift; sourceTree = "<group>"; };
		E7159D89268270BA008888CE /* And.swift */ = {isa = PBXFileReference; lastKnownFileType = sourcecode.swift; path = And.swift; sourceTree = "<group>"; };
		E7159D8B2682711B008888CE /* Assignment.swift */ = {isa = PBXFileReference; lastKnownFileType = sourcecode.swift; path = Assignment.swift; sourceTree = "<group>"; };
		E7159D8D268271F2008888CE /* Comparison.swift */ = {isa = PBXFileReference; lastKnownFileType = sourcecode.swift; path = Comparison.swift; sourceTree = "<group>"; };
		E7159D8F2682725F008888CE /* Equality.swift */ = {isa = PBXFileReference; lastKnownFileType = sourcecode.swift; path = Equality.swift; sourceTree = "<group>"; };
		E7159D91268272BB008888CE /* Expression.swift */ = {isa = PBXFileReference; lastKnownFileType = sourcecode.swift; path = Expression.swift; sourceTree = "<group>"; };
		E7159D93268272EA008888CE /* Factor.swift */ = {isa = PBXFileReference; lastKnownFileType = sourcecode.swift; path = Factor.swift; sourceTree = "<group>"; };
		E7159D952682734A008888CE /* Or.swift */ = {isa = PBXFileReference; lastKnownFileType = sourcecode.swift; path = Or.swift; sourceTree = "<group>"; };
		E7159D97268273A6008888CE /* Primary.swift */ = {isa = PBXFileReference; lastKnownFileType = sourcecode.swift; path = Primary.swift; sourceTree = "<group>"; };
		E7159D992682751C008888CE /* Term.swift */ = {isa = PBXFileReference; lastKnownFileType = sourcecode.swift; path = Term.swift; sourceTree = "<group>"; };
		E7159D9B26827572008888CE /* Unary.swift */ = {isa = PBXFileReference; lastKnownFileType = sourcecode.swift; path = Unary.swift; sourceTree = "<group>"; };
		E79F87E92680FD1900061BAD /* Package.swift */ = {isa = PBXFileReference; lastKnownFileType = sourcecode.swift; path = Package.swift; sourceTree = "<group>"; };
		E79F87EE2680FE2500061BAD /* swiftparser */ = {isa = PBXFileReference; explicitFileType = "compiled.mach-o.executable"; includeInIndex = 0; path = swiftparser; sourceTree = BUILT_PRODUCTS_DIR; };
		E79F87F82680FE6600061BAD /* ASTGen.swift */ = {isa = PBXFileReference; fileEncoding = 4; lastKnownFileType = sourcecode.swift; path = ASTGen.swift; sourceTree = "<group>"; };
		E79F87F92680FE6600061BAD /* main.swift */ = {isa = PBXFileReference; fileEncoding = 4; lastKnownFileType = sourcecode.swift; path = main.swift; sourceTree = "<group>"; };
		E79F87FD2681054100061BAD /* grammar.txt */ = {isa = PBXFileReference; lastKnownFileType = text; path = grammar.txt; sourceTree = "<group>"; };
		E79F87FE2681068200061BAD /* statementgrammar.txt */ = {isa = PBXFileReference; lastKnownFileType = text; path = statementgrammar.txt; sourceTree = "<group>"; };
		E7E885BB26812083002D6A16 /* ExpressionProtocol.swift */ = {isa = PBXFileReference; fileEncoding = 4; lastKnownFileType = sourcecode.swift; path = ExpressionProtocol.swift; sourceTree = "<group>"; };
		E7E885BD26812083002D6A16 /* GroupingExpression.swift */ = {isa = PBXFileReference; fileEncoding = 4; lastKnownFileType = sourcecode.swift; path = GroupingExpression.swift; sourceTree = "<group>"; };
		E7E885BE26812083002D6A16 /* ExpressionVisitorProtocol.swift */ = {isa = PBXFileReference; fileEncoding = 4; lastKnownFileType = sourcecode.swift; path = ExpressionVisitorProtocol.swift; sourceTree = "<group>"; };
		E7E885BF26812083002D6A16 /* UnaryExpression.swift */ = {isa = PBXFileReference; fileEncoding = 4; lastKnownFileType = sourcecode.swift; path = UnaryExpression.swift; sourceTree = "<group>"; };
		E7E885C026812083002D6A16 /* StatementVisitorProtocol.swift */ = {isa = PBXFileReference; fileEncoding = 4; lastKnownFileType = sourcecode.swift; path = StatementVisitorProtocol.swift; sourceTree = "<group>"; };
		E7E885C126812083002D6A16 /* LogicalExpression.swift */ = {isa = PBXFileReference; fileEncoding = 4; lastKnownFileType = sourcecode.swift; path = LogicalExpression.swift; sourceTree = "<group>"; };
		E7E885C226812083002D6A16 /* BinaryExpression.swift */ = {isa = PBXFileReference; fileEncoding = 4; lastKnownFileType = sourcecode.swift; path = BinaryExpression.swift; sourceTree = "<group>"; };
		E7E885C326812083002D6A16 /* AssignmentExpression.swift */ = {isa = PBXFileReference; fileEncoding = 4; lastKnownFileType = sourcecode.swift; path = AssignmentExpression.swift; sourceTree = "<group>"; };
		E7E885C426812083002D6A16 /* VariableExpression.swift */ = {isa = PBXFileReference; fileEncoding = 4; lastKnownFileType = sourcecode.swift; path = VariableExpression.swift; sourceTree = "<group>"; };
		E7E885C526812083002D6A16 /* LiteralExpression.swift */ = {isa = PBXFileReference; fileEncoding = 4; lastKnownFileType = sourcecode.swift; path = LiteralExpression.swift; sourceTree = "<group>"; };
		E7E885C626812083002D6A16 /* StatementProtocol.swift */ = {isa = PBXFileReference; fileEncoding = 4; lastKnownFileType = sourcecode.swift; path = StatementProtocol.swift; sourceTree = "<group>"; };
		E7E885D3268120F1002D6A16 /* Token.swift */ = {isa = PBXFileReference; lastKnownFileType = sourcecode.swift; path = Token.swift; sourceTree = "<group>"; };
		E7E885D5268120F8002D6A16 /* TokenType.swift */ = {isa = PBXFileReference; lastKnownFileType = sourcecode.swift; path = TokenType.swift; sourceTree = "<group>"; };
		E7E885D726812210002D6A16 /* Keywords.swift */ = {isa = PBXFileReference; lastKnownFileType = sourcecode.swift; path = Keywords.swift; sourceTree = "<group>"; };
		E7E885D9268122B3002D6A16 /* Scanner.swift */ = {isa = PBXFileReference; lastKnownFileType = sourcecode.swift; path = Scanner.swift; sourceTree = "<group>"; };
/* End PBXFileReference section */

/* Begin PBXFrameworksBuildPhase section */
		E79F87EB2680FE2500061BAD /* Frameworks */ = {
			isa = PBXFrameworksBuildPhase;
			buildActionMask = 2147483647;
			files = (
			);
			runOnlyForDeploymentPostprocessing = 0;
		};
/* End PBXFrameworksBuildPhase section */

/* Begin PBXGroup section */
		E7159D8426826E00008888CE /* Parser */ = {
			isa = PBXGroup;
			children = (
				E7159D8526826E10008888CE /* Expressions */,
				E7159D8626826E17008888CE /* Statements */,
				E7159D8726826E27008888CE /* Parser.swift */,
			);
			path = Parser;
			sourceTree = "<group>";
		};
		E7159D8526826E10008888CE /* Expressions */ = {
			isa = PBXGroup;
			children = (
				E7159D89268270BA008888CE /* And.swift */,
				E7159D8B2682711B008888CE /* Assignment.swift */,
				E7159D8D268271F2008888CE /* Comparison.swift */,
				E7159D8F2682725F008888CE /* Equality.swift */,
				E7159D91268272BB008888CE /* Expression.swift */,
				E7159D93268272EA008888CE /* Factor.swift */,
				E7159D952682734A008888CE /* Or.swift */,
				E7159D97268273A6008888CE /* Primary.swift */,
				E7159D992682751C008888CE /* Term.swift */,
				E7159D9B26827572008888CE /* Unary.swift */,
			);
			path = Expressions;
			sourceTree = "<group>";
		};
		E7159D8626826E17008888CE /* Statements */ = {
			isa = PBXGroup;
			children = (
			);
			path = Statements;
			sourceTree = "<group>";
		};
		E79F87E12680FCE000061BAD = {
			isa = PBXGroup;
			children = (
				E79F87FE2681068200061BAD /* statementgrammar.txt */,
				E79F87FD2681054100061BAD /* grammar.txt */,
				E79F87F62680FE6600061BAD /* Sources */,
				E79F87E92680FD1900061BAD /* Package.swift */,
				E79F87EF2680FE2500061BAD /* Products */,
			);
			sourceTree = "<group>";
		};
		E79F87EF2680FE2500061BAD /* Products */ = {
			isa = PBXGroup;
			children = (
				E79F87EE2680FE2500061BAD /* swiftparser */,
			);
			name = Products;
			sourceTree = "<group>";
		};
		E79F87F62680FE6600061BAD /* Sources */ = {
			isa = PBXGroup;
			children = (
				E79F87F72680FE6600061BAD /* swiftparser */,
			);
			path = Sources;
			sourceTree = "<group>";
		};
		E79F87F72680FE6600061BAD /* swiftparser */ = {
			isa = PBXGroup;
			children = (
				E7159D8426826E00008888CE /* Parser */,
				E7E885BC26812083002D6A16 /* Grammar */,
				E7E885D2268120E5002D6A16 /* Scanner */,
				E7E885BB26812083002D6A16 /* ExpressionProtocol.swift */,
				E7E885C626812083002D6A16 /* StatementProtocol.swift */,
				E79F87F82680FE6600061BAD /* ASTGen.swift */,
				E79F87F92680FE6600061BAD /* main.swift */,
			);
			path = swiftparser;
			sourceTree = "<group>";
		};
		E7E885BC26812083002D6A16 /* Grammar */ = {
			isa = PBXGroup;
			children = (
				E7E885BD26812083002D6A16 /* GroupingExpression.swift */,
				E7E885BE26812083002D6A16 /* ExpressionVisitorProtocol.swift */,
				E7E885BF26812083002D6A16 /* UnaryExpression.swift */,
				E7E885C026812083002D6A16 /* StatementVisitorProtocol.swift */,
				E7E885C126812083002D6A16 /* LogicalExpression.swift */,
				E7E885C226812083002D6A16 /* BinaryExpression.swift */,
				E7E885C326812083002D6A16 /* AssignmentExpression.swift */,
				E7E885C426812083002D6A16 /* VariableExpression.swift */,
				E7E885C526812083002D6A16 /* LiteralExpression.swift */,
			);
			path = Grammar;
			sourceTree = "<group>";
		};
		E7E885D2268120E5002D6A16 /* Scanner */ = {
			isa = PBXGroup;
			children = (
				E7E885D3268120F1002D6A16 /* Token.swift */,
				E7E885D5268120F8002D6A16 /* TokenType.swift */,
				E7E885D726812210002D6A16 /* Keywords.swift */,
				E7E885D9268122B3002D6A16 /* Scanner.swift */,
			);
			path = Scanner;
			sourceTree = "<group>";
		};
/* End PBXGroup section */

/* Begin PBXNativeTarget section */
		E79F87ED2680FE2500061BAD /* swiftparser */ = {
			isa = PBXNativeTarget;
			buildConfigurationList = E79F87F32680FE2500061BAD /* Build configuration list for PBXNativeTarget "swiftparser" */;
			buildPhases = (
				E79F87EA2680FE2500061BAD /* Sources */,
				E79F87EB2680FE2500061BAD /* Frameworks */,
				E79F87EC2680FE2500061BAD /* CopyFiles */,
			);
			buildRules = (
			);
			dependencies = (
			);
			name = swiftparser;
			productName = swiftparser;
			productReference = E79F87EE2680FE2500061BAD /* swiftparser */;
			productType = "com.apple.product-type.tool";
		};
/* End PBXNativeTarget section */

/* Begin PBXProject section */
		E79F87E22680FCE000061BAD /* Project object */ = {
			isa = PBXProject;
			attributes = {
				LastSwiftUpdateCheck = 1250;
				LastUpgradeCheck = 1250;
				TargetAttributes = {
					E79F87ED2680FE2500061BAD = {
						CreatedOnToolsVersion = 12.5;
					};
				};
			};
			buildConfigurationList = E79F87E52680FCE000061BAD /* Build configuration list for PBXProject "swiftparser" */;
			compatibilityVersion = "Xcode 9.3";
			developmentRegion = en;
			hasScannedForEncodings = 0;
			knownRegions = (
				en,
				Base,
			);
			mainGroup = E79F87E12680FCE000061BAD;
			productRefGroup = E79F87EF2680FE2500061BAD /* Products */;
			projectDirPath = "";
			projectRoot = "";
			targets = (
				E79F87ED2680FE2500061BAD /* swiftparser */,
			);
		};
/* End PBXProject section */

/* Begin PBXSourcesBuildPhase section */
		E79F87EA2680FE2500061BAD /* Sources */ = {
			isa = PBXSourcesBuildPhase;
			buildActionMask = 2147483647;
			files = (
				E7E885CE26812083002D6A16 /* AssignmentExpression.swift in Sources */,
				E7E885D826812210002D6A16 /* Keywords.swift in Sources */,
				E7E885D4268120F1002D6A16 /* Token.swift in Sources */,
				E7159D962682734A008888CE /* Or.swift in Sources */,
				E7159D8A268270BA008888CE /* And.swift in Sources */,
				E7E885C726812083002D6A16 /* ExpressionProtocol.swift in Sources */,
				E7E885CA26812083002D6A16 /* UnaryExpression.swift in Sources */,
				E7E885D126812083002D6A16 /* StatementProtocol.swift in Sources */,
				E7159D902682725F008888CE /* Equality.swift in Sources */,
				E7E885D026812083002D6A16 /* LiteralExpression.swift in Sources */,
				E7159D92268272BB008888CE /* Expression.swift in Sources */,
				E7159D8C2682711B008888CE /* Assignment.swift in Sources */,
				E7E885CB26812083002D6A16 /* StatementVisitorProtocol.swift in Sources */,
				E79F87FB2680FE6600061BAD /* main.swift in Sources */,
				E7E885C826812083002D6A16 /* GroupingExpression.swift in Sources */,
				E7159D94268272EA008888CE /* Factor.swift in Sources */,
				E7E885D6268120F8002D6A16 /* TokenType.swift in Sources */,
				E7E885CC26812083002D6A16 /* LogicalExpression.swift in Sources */,
				E7E885DA268122B3002D6A16 /* Scanner.swift in Sources */,
				E7E885C926812083002D6A16 /* ExpressionVisitorProtocol.swift in Sources */,
				E7159D9A2682751C008888CE /* Term.swift in Sources */,
				E7159D8826826E27008888CE /* Parser.swift in Sources */,
				E7E885CD26812083002D6A16 /* BinaryExpression.swift in Sources */,
				E79F87FA2680FE6600061BAD /* ASTGen.swift in Sources */,
				E7159D8E268271F2008888CE /* Comparison.swift in Sources */,
				E7159D9C26827572008888CE /* Unary.swift in Sources */,
				E7159D98268273A6008888CE /* Primary.swift in Sources */,
				E7E885CF26812083002D6A16 /* VariableExpression.swift in Sources */,
			);
			runOnlyForDeploymentPostprocessing = 0;
		};
/* End PBXSourcesBuildPhase section */

/* Begin XCBuildConfiguration section */
		E79F87E62680FCE000061BAD /* Debug */ = {
			isa = XCBuildConfiguration;
			buildSettings = {
			};
			name = Debug;
		};
		E79F87E72680FCE000061BAD /* Release */ = {
			isa = XCBuildConfiguration;
			buildSettings = {
			};
			name = Release;
		};
		E79F87F42680FE2500061BAD /* Debug */ = {
			isa = XCBuildConfiguration;
			buildSettings = {
				ALWAYS_SEARCH_USER_PATHS = NO;
				CLANG_ANALYZER_NONNULL = YES;
				CLANG_ANALYZER_NUMBER_OBJECT_CONVERSION = YES_AGGRESSIVE;
				CLANG_CXX_LANGUAGE_STANDARD = "gnu++14";
				CLANG_CXX_LIBRARY = "libc++";
				CLANG_ENABLE_MODULES = YES;
				CLANG_ENABLE_OBJC_ARC = YES;
				CLANG_ENABLE_OBJC_WEAK = YES;
				CLANG_WARN_BLOCK_CAPTURE_AUTORELEASING = YES;
				CLANG_WARN_BOOL_CONVERSION = YES;
				CLANG_WARN_COMMA = YES;
				CLANG_WARN_CONSTANT_CONVERSION = YES;
				CLANG_WARN_DEPRECATED_OBJC_IMPLEMENTATIONS = YES;
				CLANG_WARN_DIRECT_OBJC_ISA_USAGE = YES_ERROR;
				CLANG_WARN_DOCUMENTATION_COMMENTS = YES;
				CLANG_WARN_EMPTY_BODY = YES;
				CLANG_WARN_ENUM_CONVERSION = YES;
				CLANG_WARN_INFINITE_RECURSION = YES;
				CLANG_WARN_INT_CONVERSION = YES;
				CLANG_WARN_NON_LITERAL_NULL_CONVERSION = YES;
				CLANG_WARN_OBJC_IMPLICIT_RETAIN_SELF = YES;
				CLANG_WARN_OBJC_LITERAL_CONVERSION = YES;
				CLANG_WARN_OBJC_ROOT_CLASS = YES_ERROR;
				CLANG_WARN_QUOTED_INCLUDE_IN_FRAMEWORK_HEADER = YES;
				CLANG_WARN_RANGE_LOOP_ANALYSIS = YES;
				CLANG_WARN_STRICT_PROTOTYPES = YES;
				CLANG_WARN_SUSPICIOUS_MOVE = YES;
				CLANG_WARN_UNGUARDED_AVAILABILITY = YES_AGGRESSIVE;
				CLANG_WARN_UNREACHABLE_CODE = YES;
				CLANG_WARN__DUPLICATE_METHOD_MATCH = YES;
				CODE_SIGN_STYLE = Automatic;
				COPY_PHASE_STRIP = NO;
				DEBUG_INFORMATION_FORMAT = dwarf;
				ENABLE_STRICT_OBJC_MSGSEND = YES;
				ENABLE_TESTABILITY = YES;
				GCC_C_LANGUAGE_STANDARD = gnu11;
				GCC_DYNAMIC_NO_PIC = NO;
				GCC_NO_COMMON_BLOCKS = YES;
				GCC_OPTIMIZATION_LEVEL = 0;
				GCC_PREPROCESSOR_DEFINITIONS = (
					"DEBUG=1",
					"$(inherited)",
				);
				GCC_WARN_64_TO_32_BIT_CONVERSION = YES;
				GCC_WARN_ABOUT_RETURN_TYPE = YES_ERROR;
				GCC_WARN_UNDECLARED_SELECTOR = YES;
				GCC_WARN_UNINITIALIZED_AUTOS = YES_AGGRESSIVE;
				GCC_WARN_UNUSED_FUNCTION = YES;
				GCC_WARN_UNUSED_VARIABLE = YES;
				MACOSX_DEPLOYMENT_TARGET = 11.3;
				MTL_ENABLE_DEBUG_INFO = INCLUDE_SOURCE;
				MTL_FAST_MATH = YES;
				ONLY_ACTIVE_ARCH = YES;
				PRODUCT_NAME = "$(TARGET_NAME)";
				SDKROOT = macosx;
				SWIFT_ACTIVE_COMPILATION_CONDITIONS = DEBUG;
				SWIFT_OPTIMIZATION_LEVEL = "-Onone";
				SWIFT_VERSION = 5.0;
			};
			name = Debug;
		};
		E79F87F52680FE2500061BAD /* Release */ = {
			isa = XCBuildConfiguration;
			buildSettings = {
				ALWAYS_SEARCH_USER_PATHS = NO;
				CLANG_ANALYZER_NONNULL = YES;
				CLANG_ANALYZER_NUMBER_OBJECT_CONVERSION = YES_AGGRESSIVE;
				CLANG_CXX_LANGUAGE_STANDARD = "gnu++14";
				CLANG_CXX_LIBRARY = "libc++";
				CLANG_ENABLE_MODULES = YES;
				CLANG_ENABLE_OBJC_ARC = YES;
				CLANG_ENABLE_OBJC_WEAK = YES;
				CLANG_WARN_BLOCK_CAPTURE_AUTORELEASING = YES;
				CLANG_WARN_BOOL_CONVERSION = YES;
				CLANG_WARN_COMMA = YES;
				CLANG_WARN_CONSTANT_CONVERSION = YES;
				CLANG_WARN_DEPRECATED_OBJC_IMPLEMENTATIONS = YES;
				CLANG_WARN_DIRECT_OBJC_ISA_USAGE = YES_ERROR;
				CLANG_WARN_DOCUMENTATION_COMMENTS = YES;
				CLANG_WARN_EMPTY_BODY = YES;
				CLANG_WARN_ENUM_CONVERSION = YES;
				CLANG_WARN_INFINITE_RECURSION = YES;
				CLANG_WARN_INT_CONVERSION = YES;
				CLANG_WARN_NON_LITERAL_NULL_CONVERSION = YES;
				CLANG_WARN_OBJC_IMPLICIT_RETAIN_SELF = YES;
				CLANG_WARN_OBJC_LITERAL_CONVERSION = YES;
				CLANG_WARN_OBJC_ROOT_CLASS = YES_ERROR;
				CLANG_WARN_QUOTED_INCLUDE_IN_FRAMEWORK_HEADER = YES;
				CLANG_WARN_RANGE_LOOP_ANALYSIS = YES;
				CLANG_WARN_STRICT_PROTOTYPES = YES;
				CLANG_WARN_SUSPICIOUS_MOVE = YES;
				CLANG_WARN_UNGUARDED_AVAILABILITY = YES_AGGRESSIVE;
				CLANG_WARN_UNREACHABLE_CODE = YES;
				CLANG_WARN__DUPLICATE_METHOD_MATCH = YES;
				CODE_SIGN_STYLE = Automatic;
				COPY_PHASE_STRIP = NO;
				DEBUG_INFORMATION_FORMAT = "dwarf-with-dsym";
				ENABLE_NS_ASSERTIONS = NO;
				ENABLE_STRICT_OBJC_MSGSEND = YES;
				GCC_C_LANGUAGE_STANDARD = gnu11;
				GCC_NO_COMMON_BLOCKS = YES;
				GCC_WARN_64_TO_32_BIT_CONVERSION = YES;
				GCC_WARN_ABOUT_RETURN_TYPE = YES_ERROR;
				GCC_WARN_UNDECLARED_SELECTOR = YES;
				GCC_WARN_UNINITIALIZED_AUTOS = YES_AGGRESSIVE;
				GCC_WARN_UNUSED_FUNCTION = YES;
				GCC_WARN_UNUSED_VARIABLE = YES;
				MACOSX_DEPLOYMENT_TARGET = 11.3;
				MTL_ENABLE_DEBUG_INFO = NO;
				MTL_FAST_MATH = YES;
				PRODUCT_NAME = "$(TARGET_NAME)";
				SDKROOT = macosx;
				SWIFT_COMPILATION_MODE = wholemodule;
				SWIFT_OPTIMIZATION_LEVEL = "-O";
				SWIFT_VERSION = 5.0;
			};
			name = Release;
		};
/* End XCBuildConfiguration section */

/* Begin XCConfigurationList section */
		E79F87E52680FCE000061BAD /* Build configuration list for PBXProject "swiftparser" */ = {
			isa = XCConfigurationList;
			buildConfigurations = (
				E79F87E62680FCE000061BAD /* Debug */,
				E79F87E72680FCE000061BAD /* Release */,
			);
			defaultConfigurationIsVisible = 0;
			defaultConfigurationName = Release;
		};
		E79F87F32680FE2500061BAD /* Build configuration list for PBXNativeTarget "swiftparser" */ = {
			isa = XCConfigurationList;
			buildConfigurations = (
				E79F87F42680FE2500061BAD /* Debug */,
				E79F87F52680FE2500061BAD /* Release */,
			);
			defaultConfigurationIsVisible = 0;
			defaultConfigurationName = Release;
		};
/* End XCConfigurationList section */
	};
	rootObject = E79F87E22680FCE000061BAD /* Project object */;
}
